NeoBundleLock neobundle.vim f5ace1d749382ab5e5a22670d57c61303a927b72
NeoBundleLock nerdtree 3b98a7fcae8f9fff356907171f0406ff8cd28921
NeoBundleLock syntastic ac96ae4a2733342a86929fb3b3a1ecaddfaad2fb
NeoBundleLock vim-airline 5dc0cc54180bd757a37c9828d5229956979cd654
NeoBundleLock vim-colors-solarized 528a59f26d12278698bb946f8fb82a63711eec21
NeoBundleLock vim-gitgutter 8345c35770ffc6fc4088c36406d1e24170aabcc6
NeoBundleLock vim-nerdtree-tabs 0decec122e9bb3e9328b01fa20a9650e79cc6ca7
